<Solution>
  <Project Path="StackDuel.Api.Tests/StackDuel.Api.Tests.csproj" Id="6d4873eb-faef-4f47-9e35-2899ef124beb" />
  <Project Path="StackDuel.Api/StackDuel.Api.csproj" Id="af540612-ab1e-4f2c-98ed-f6960bade56b" />
  <Project Path="StackDuel.Application.Tests/StackDuel.Application.Tests.csproj" Id="93ecf63e-addf-43d7-864a-c434f4c3e368" />
  <Project Path="StackDuel.Application/StackDuel.Application.csproj" Id="92566194-da63-4263-b866-462e3ddf76be" />
  <Project Path="StackDuel.Domain.Tests/StackDuel.Domain.Tests.csproj" Id="d6fc29b0-dfff-4e97-a78a-023880cb2da2" />
  <Project Path="StackDuel.Domain/StackDuel.Domain.csproj" Id="13007f84-7f7e-4074-bd89-eb883613ce9e" />
  <Project Path="StackDuel.Infrastructure.Tests/StackDuel.Infrastructure.Tests.csproj" Id="ca1d3d0e-1740-4ac9-8c3b-1a8427ea1581" />
  <Project Path="StackDuel.Infrastructure/StackDuel.Infrastructure.csproj" Id="9f920174-8451-4c94-a491-3ad54d18dd94" />
  <Project Path="StackDuel.IntegrationTests/StackDuel.IntegrationTests.csproj" Id="c3d110a6-5670-4fd9-8604-676968b66851" />
  <Project Path="StackDuel.Seeder/StackDuel.Seeder.csproj" Id="a72d0fdc-d889-42c0-b4e0-5fbf65be6c5b" />
  <Project Path="StackDuel.Specs/StackDuel.Specs.csproj" />
</Solution>
