<Solution>
  <Project Path="StackDuel.Api/StackDuel.Api.csproj" />
  <Project Path="StackDuel.Api.Tests/StackDuel.Api.Tests.csproj" />
  <Project Path="StackDuel.ArchitectureTests/StackDuel.ArchitectureTests.csproj" />
  <Project Path="StackDuel.Application.Tests/StackDuel.Application.Tests.csproj" />
  <Project
    Path="StackDuel.Application/StackDuel.Application.csproj"
    Id="b818290e-d668-40b1-a0a3-eb1534425589"
  />
  <Project
    Path="StackDuel.Domain.Tests/StackDuel.Domain.Tests.csproj"
    Id="a2c94f5e-bc0c-4c2e-9abe-fb218af6392c"
  />
  <Project Path="StackDuel.Domain/StackDuel.Domain.csproj" />
  <Project
    Path="StackDuel.Infrastructure/StackDuel.Infrastructure.csproj"
    Id="8946de77-b331-4639-8b68-92dc7f45c822"
  />
  <Project Path="StackDuel.Infrastructure.Tests/StackDuel.Infrastructure.Tests.csproj" />
  <Project Path="StackDuel.IntegrationTests/StackDuel.IntegrationTests.csproj" />
  <Project Path="StackDuel.Seeder/StackDuel.Seeder.csproj">
    <Build Project="false" />
  </Project>
</Solution>
